{
	"name": "scheduler",
	"version": "1.0.0",
	"lockfileVersion": 3,
	"requires": true,
	"packages": {
		"": {
			"name": "scheduler",
			"version": "1.0.0",
			"license": "ISC",
			"dependencies": {
				"dotenv": "^16.3.1",
				"nanoid": "^5.0.4",
				"node-cron": "^3.0.3",
				"uuid": "^9.0.1"
			}
		},
		"node_modules/dotenv": {
			"version": "16.3.1",
			"resolved": "https://registry.npmjs.org/dotenv/-/dotenv-16.3.1.tgz",
			"integrity": "sha512-IPzF4w4/Rd94bA9imS68tZBaYyBWSCE47V1RGuMrB94iyTOIEwRmVL2x/4An+6mETpLrKJ5hQkB8W4kFAadeIQ==",
			"engines": {
				"node": ">=12"
			},
			"funding": {
				"url": "https://github.com/motdotla/dotenv?sponsor=1"
			}
		},
		"node_modules/nanoid": {
			"version": "5.0.4",
			"resolved": "https://registry.npmjs.org/nanoid/-/nanoid-5.0.4.tgz",
			"integrity": "sha512-vAjmBf13gsmhXSgBrtIclinISzFFy22WwCYoyilZlsrRXNIHSwgFQ1bEdjRwMT3aoadeIF6HMuDRlOxzfXV8ig==",
			"funding": [
				{
					"type": "github",
					"url": "https://github.com/sponsors/ai"
				}
			],
			"bin": {
				"nanoid": "bin/nanoid.js"
			},
			"engines": {
				"node": "^18 || >=20"
			}
		},
		"node_modules/node-cron": {
			"version": "3.0.3",
			"resolved": "https://registry.npmjs.org/node-cron/-/node-cron-3.0.3.tgz",
			"integrity": "sha512-dOal67//nohNgYWb+nWmg5dkFdIwDm8EpeGYMekPMrngV3637lqnX0lbUcCtgibHTz6SEz7DAIjKvKDFYCnO1A==",
			"dependencies": {
				"uuid": "8.3.2"
			},
			"engines": {
				"node": ">=6.0.0"
			}
		},
		"node_modules/node-cron/node_modules/uuid": {
			"version": "8.3.2",
			"resolved": "https://registry.npmjs.org/uuid/-/uuid-8.3.2.tgz",
			"integrity": "sha512-+NYs2QeMWy+GWFOEm9xnn6HCDp0l7QBD7ml8zLUmJ+93Q5NF0NocErnwkTkXVFNiX3/fpC6afS8Dhb/gz7R7eg==",
			"bin": {
				"uuid": "dist/bin/uuid"
			}
		},
		"node_modules/uuid": {
			"version": "9.0.1",
			"resolved": "https://registry.npmjs.org/uuid/-/uuid-9.0.1.tgz",
			"integrity": "sha512-b+1eJOlsR9K8HJpow9Ok3fiWOWSIcIzXodvv0rQjVoOVNpWMpxf1wZNpt4y9h10odCNrqnYp1OBzRktckBe3sA==",
			"funding": [
				"https://github.com/sponsors/broofa",
				"https://github.com/sponsors/ctavan"
			],
			"bin": {
				"uuid": "dist/bin/uuid"
			}
		}
	}
}
